
Microsoft Visual Studio Solution File, Format Version 12.00
# Visual Studio 2013
VisualStudioVersion = 12.0.31010.0
MinimumVisualStudioVersion = 10.0.40219.1
Project("{FAE04EC0-301F-11D3-BF4B-00C04F79EFBC}") = "jcCCL.PCL", "jcCCL.PCL\jcCCL.PCL.csproj", "{DA799CEF-54F5-4F79-9212-0FCEB7DC068B}"
EndProject
Project("{FAE04EC0-301F-11D3-BF4B-00C04F79EFBC}") = "jcCCL.WPF", "jcCCL.WPF\jcCCL.WPF.csproj", "{26CA49D4-24FB-4841-96D8-0C030932CFE1}"
EndProject
Project("{FAE04EC0-301F-11D3-BF4B-00C04F79EFBC}") = "jcCCL.WindwsStore", "jcCCL.WindwsStore\jcCCL.WindwsStore.csproj", "{7A36F3B8-73DD-4EA6-9F2D-E71E7E07F471}"
EndProject
Project("{FAE04EC0-301F-11D3-BF4B-00C04F79EFBC}") = "jcCCL.Mobile", "jcCCL.Mobile\jcCCL.Mobile\jcCCL.Mobile.csproj", "{733C6FD5-D955-4B8E-B51A-A7731E049D91}"
EndProject
Project("{FAE04EC0-301F-11D3-BF4B-00C04F79EFBC}") = "jcCCL.Mobile.iOS", "jcCCL.Mobile\jcCCL.Mobile.iOS\jcCCL.Mobile.iOS.csproj", "{F584813A-E52A-41B7-89D9-12CCCB76DD55}"
EndProject
Project("{FAE04EC0-301F-11D3-BF4B-00C04F79EFBC}") = "jcCCL.Mobile.Android", "jcCCL.Mobile\jcCCL.Mobile.Android\jcCCL.Mobile.Android.csproj", "{A8C65633-8ED3-45D3-8943-7DC740E1571F}"
EndProject
Project("{FAE04EC0-301F-11D3-BF4B-00C04F79EFBC}") = "jcCCL.Mobile.WinPhone", "jcCCL.Mobile\jcCCL.Mobile.WinPhone\jcCCL.Mobile.WinPhone.csproj", "{CB7E2385-88BD-4C53-BE89-26DACF15EDF3}"
EndProject
Global
	GlobalSection(SolutionConfigurationPlatforms) = preSolution
		Ad-Hoc|Any CPU = Ad-Hoc|Any CPU
		Ad-Hoc|ARM = Ad-Hoc|ARM
		Ad-Hoc|iPhone = Ad-Hoc|iPhone
		Ad-Hoc|iPhoneSimulator = Ad-Hoc|iPhoneSimulator
		Ad-Hoc|Mixed Platforms = Ad-Hoc|Mixed Platforms
		Ad-Hoc|x64 = Ad-Hoc|x64
		Ad-Hoc|x86 = Ad-Hoc|x86
		AppStore|Any CPU = AppStore|Any CPU
		AppStore|ARM = AppStore|ARM
		AppStore|iPhone = AppStore|iPhone
		AppStore|iPhoneSimulator = AppStore|iPhoneSimulator
		AppStore|Mixed Platforms = AppStore|Mixed Platforms
		AppStore|x64 = AppStore|x64
		AppStore|x86 = AppStore|x86
		Debug|Any CPU = Debug|Any CPU
		Debug|ARM = Debug|ARM
		Debug|iPhone = Debug|iPhone
		Debug|iPhoneSimulator = Debug|iPhoneSimulator
		Debug|Mixed Platforms = Debug|Mixed Platforms
		Debug|x64 = Debug|x64
		Debug|x86 = Debug|x86
		Release|Any CPU = Release|Any CPU
		Release|ARM = Release|ARM
		Release|iPhone = Release|iPhone
		Release|iPhoneSimulator = Release|iPhoneSimulator
		Release|Mixed Platforms = Release|Mixed Platforms
		Release|x64 = Release|x64
		Release|x86 = Release|x86
	EndGlobalSection
	GlobalSection(ProjectConfigurationPlatforms) = postSolution
		{DA799CEF-54F5-4F79-9212-0FCEB7DC068B}.Ad-Hoc|Any CPU.ActiveCfg = Release|Any CPU
		{DA799CEF-54F5-4F79-9212-0FCEB7DC068B}.Ad-Hoc|Any CPU.Build.0 = Release|Any CPU
		{DA799CEF-54F5-4F79-9212-0FCEB7DC068B}.Ad-Hoc|ARM.ActiveCfg = Release|Any CPU
		{DA799CEF-54F5-4F79-9212-0FCEB7DC068B}.Ad-Hoc|iPhone.ActiveCfg = Release|Any CPU
		{DA799CEF-54F5-4F79-9212-0FCEB7DC068B}.Ad-Hoc|iPhoneSimulator.ActiveCfg = Release|Any CPU
		{DA799CEF-54F5-4F79-9212-0FCEB7DC068B}.Ad-Hoc|Mixed Platforms.ActiveCfg = Release|Any CPU
		{DA799CEF-54F5-4F79-9212-0FCEB7DC068B}.Ad-Hoc|Mixed Platforms.Build.0 = Release|Any CPU
		{DA799CEF-54F5-4F79-9212-0FCEB7DC068B}.Ad-Hoc|x64.ActiveCfg = Release|Any CPU
		{DA799CEF-54F5-4F79-9212-0FCEB7DC068B}.Ad-Hoc|x86.ActiveCfg = Release|Any CPU
		{DA799CEF-54F5-4F79-9212-0FCEB7DC068B}.AppStore|Any CPU.ActiveCfg = Release|Any CPU
		{DA799CEF-54F5-4F79-9212-0FCEB7DC068B}.AppStore|Any CPU.Build.0 = Release|Any CPU
		{DA799CEF-54F5-4F79-9212-0FCEB7DC068B}.AppStore|ARM.ActiveCfg = Release|Any CPU
		{DA799CEF-54F5-4F79-9212-0FCEB7DC068B}.AppStore|iPhone.ActiveCfg = Release|Any CPU
		{DA799CEF-54F5-4F79-9212-0FCEB7DC068B}.AppStore|iPhoneSimulator.ActiveCfg = Release|Any CPU
		{DA799CEF-54F5-4F79-9212-0FCEB7DC068B}.AppStore|Mixed Platforms.ActiveCfg = Release|Any CPU
		{DA799CEF-54F5-4F79-9212-0FCEB7DC068B}.AppStore|Mixed Platforms.Build.0 = Release|Any CPU
		{DA799CEF-54F5-4F79-9212-0FCEB7DC068B}.AppStore|x64.ActiveCfg = Release|Any CPU
		{DA799CEF-54F5-4F79-9212-0FCEB7DC068B}.AppStore|x86.ActiveCfg = Release|Any CPU
		{DA799CEF-54F5-4F79-9212-0FCEB7DC068B}.Debug|Any CPU.ActiveCfg = Debug|Any CPU
		{DA799CEF-54F5-4F79-9212-0FCEB7DC068B}.Debug|Any CPU.Build.0 = Debug|Any CPU
		{DA799CEF-54F5-4F79-9212-0FCEB7DC068B}.Debug|ARM.ActiveCfg = Debug|Any CPU
		{DA799CEF-54F5-4F79-9212-0FCEB7DC068B}.Debug|iPhone.ActiveCfg = Debug|Any CPU
		{DA799CEF-54F5-4F79-9212-0FCEB7DC068B}.Debug|iPhoneSimulator.ActiveCfg = Debug|Any CPU
		{DA799CEF-54F5-4F79-9212-0FCEB7DC068B}.Debug|Mixed Platforms.ActiveCfg = Debug|Any CPU
		{DA799CEF-54F5-4F79-9212-0FCEB7DC068B}.Debug|Mixed Platforms.Build.0 = Debug|Any CPU
		{DA799CEF-54F5-4F79-9212-0FCEB7DC068B}.Debug|x64.ActiveCfg = Debug|Any CPU
		{DA799CEF-54F5-4F79-9212-0FCEB7DC068B}.Debug|x86.ActiveCfg = Debug|Any CPU
		{DA799CEF-54F5-4F79-9212-0FCEB7DC068B}.Debug|x86.Build.0 = Debug|Any CPU
		{DA799CEF-54F5-4F79-9212-0FCEB7DC068B}.Release|Any CPU.ActiveCfg = Release|Any CPU
		{DA799CEF-54F5-4F79-9212-0FCEB7DC068B}.Release|Any CPU.Build.0 = Release|Any CPU
		{DA799CEF-54F5-4F79-9212-0FCEB7DC068B}.Release|ARM.ActiveCfg = Release|Any CPU
		{DA799CEF-54F5-4F79-9212-0FCEB7DC068B}.Release|iPhone.ActiveCfg = Release|Any CPU
		{DA799CEF-54F5-4F79-9212-0FCEB7DC068B}.Release|iPhoneSimulator.ActiveCfg = Release|Any CPU
		{DA799CEF-54F5-4F79-9212-0FCEB7DC068B}.Release|Mixed Platforms.ActiveCfg = Release|Any CPU
		{DA799CEF-54F5-4F79-9212-0FCEB7DC068B}.Release|Mixed Platforms.Build.0 = Release|Any CPU
		{DA799CEF-54F5-4F79-9212-0FCEB7DC068B}.Release|x64.ActiveCfg = Release|Any CPU
		{DA799CEF-54F5-4F79-9212-0FCEB7DC068B}.Release|x86.ActiveCfg = Release|Any CPU
		{26CA49D4-24FB-4841-96D8-0C030932CFE1}.Ad-Hoc|Any CPU.ActiveCfg = Release|Any CPU
		{26CA49D4-24FB-4841-96D8-0C030932CFE1}.Ad-Hoc|Any CPU.Build.0 = Release|Any CPU
		{26CA49D4-24FB-4841-96D8-0C030932CFE1}.Ad-Hoc|ARM.ActiveCfg = Release|Any CPU
		{26CA49D4-24FB-4841-96D8-0C030932CFE1}.Ad-Hoc|iPhone.ActiveCfg = Release|Any CPU
		{26CA49D4-24FB-4841-96D8-0C030932CFE1}.Ad-Hoc|iPhoneSimulator.ActiveCfg = Release|Any CPU
		{26CA49D4-24FB-4841-96D8-0C030932CFE1}.Ad-Hoc|Mixed Platforms.ActiveCfg = Release|Any CPU
		{26CA49D4-24FB-4841-96D8-0C030932CFE1}.Ad-Hoc|Mixed Platforms.Build.0 = Release|Any CPU
		{26CA49D4-24FB-4841-96D8-0C030932CFE1}.Ad-Hoc|x64.ActiveCfg = Release|Any CPU
		{26CA49D4-24FB-4841-96D8-0C030932CFE1}.Ad-Hoc|x86.ActiveCfg = Release|Any CPU
		{26CA49D4-24FB-4841-96D8-0C030932CFE1}.AppStore|Any CPU.ActiveCfg = Release|Any CPU
		{26CA49D4-24FB-4841-96D8-0C030932CFE1}.AppStore|Any CPU.Build.0 = Release|Any CPU
		{26CA49D4-24FB-4841-96D8-0C030932CFE1}.AppStore|ARM.ActiveCfg = Release|Any CPU
		{26CA49D4-24FB-4841-96D8-0C030932CFE1}.AppStore|iPhone.ActiveCfg = Release|Any CPU
		{26CA49D4-24FB-4841-96D8-0C030932CFE1}.AppStore|iPhoneSimulator.ActiveCfg = Release|Any CPU
		{26CA49D4-24FB-4841-96D8-0C030932CFE1}.AppStore|Mixed Platforms.ActiveCfg = Release|Any CPU
		{26CA49D4-24FB-4841-96D8-0C030932CFE1}.AppStore|Mixed Platforms.Build.0 = Release|Any CPU
		{26CA49D4-24FB-4841-96D8-0C030932CFE1}.AppStore|x64.ActiveCfg = Release|Any CPU
		{26CA49D4-24FB-4841-96D8-0C030932CFE1}.AppStore|x86.ActiveCfg = Release|Any CPU
		{26CA49D4-24FB-4841-96D8-0C030932CFE1}.Debug|Any CPU.ActiveCfg = Debug|Any CPU
		{26CA49D4-24FB-4841-96D8-0C030932CFE1}.Debug|Any CPU.Build.0 = Debug|Any CPU
		{26CA49D4-24FB-4841-96D8-0C030932CFE1}.Debug|ARM.ActiveCfg = Debug|Any CPU
		{26CA49D4-24FB-4841-96D8-0C030932CFE1}.Debug|iPhone.ActiveCfg = Debug|Any CPU
		{26CA49D4-24FB-4841-96D8-0C030932CFE1}.Debug|iPhoneSimulator.ActiveCfg = Debug|Any CPU
		{26CA49D4-24FB-4841-96D8-0C030932CFE1}.Debug|Mixed Platforms.ActiveCfg = Debug|Any CPU
		{26CA49D4-24FB-4841-96D8-0C030932CFE1}.Debug|Mixed Platforms.Build.0 = Debug|Any CPU
		{26CA49D4-24FB-4841-96D8-0C030932CFE1}.Debug|x64.ActiveCfg = Debug|Any CPU
		{26CA49D4-24FB-4841-96D8-0C030932CFE1}.Debug|x86.ActiveCfg = Debug|Any CPU
		{26CA49D4-24FB-4841-96D8-0C030932CFE1}.Debug|x86.Build.0 = Debug|Any CPU
		{26CA49D4-24FB-4841-96D8-0C030932CFE1}.Release|Any CPU.ActiveCfg = Release|Any CPU
		{26CA49D4-24FB-4841-96D8-0C030932CFE1}.Release|Any CPU.Build.0 = Release|Any CPU
		{26CA49D4-24FB-4841-96D8-0C030932CFE1}.Release|ARM.ActiveCfg = Release|Any CPU
		{26CA49D4-24FB-4841-96D8-0C030932CFE1}.Release|iPhone.ActiveCfg = Release|Any CPU
		{26CA49D4-24FB-4841-96D8-0C030932CFE1}.Release|iPhoneSimulator.ActiveCfg = Release|Any CPU
		{26CA49D4-24FB-4841-96D8-0C030932CFE1}.Release|Mixed Platforms.ActiveCfg = Release|Any CPU
		{26CA49D4-24FB-4841-96D8-0C030932CFE1}.Release|Mixed Platforms.Build.0 = Release|Any CPU
		{26CA49D4-24FB-4841-96D8-0C030932CFE1}.Release|x64.ActiveCfg = Release|Any CPU
		{26CA49D4-24FB-4841-96D8-0C030932CFE1}.Release|x86.ActiveCfg = Release|Any CPU
		{7A36F3B8-73DD-4EA6-9F2D-E71E7E07F471}.Ad-Hoc|Any CPU.ActiveCfg = Release|Any CPU
		{7A36F3B8-73DD-4EA6-9F2D-E71E7E07F471}.Ad-Hoc|Any CPU.Build.0 = Release|Any CPU
		{7A36F3B8-73DD-4EA6-9F2D-E71E7E07F471}.Ad-Hoc|Any CPU.Deploy.0 = Release|Any CPU
		{7A36F3B8-73DD-4EA6-9F2D-E71E7E07F471}.Ad-Hoc|ARM.ActiveCfg = Release|ARM
		{7A36F3B8-73DD-4EA6-9F2D-E71E7E07F471}.Ad-Hoc|ARM.Build.0 = Release|ARM
		{7A36F3B8-73DD-4EA6-9F2D-E71E7E07F471}.Ad-Hoc|ARM.Deploy.0 = Release|ARM
		{7A36F3B8-73DD-4EA6-9F2D-E71E7E07F471}.Ad-Hoc|iPhone.ActiveCfg = Release|Any CPU
		{7A36F3B8-73DD-4EA6-9F2D-E71E7E07F471}.Ad-Hoc|iPhoneSimulator.ActiveCfg = Release|Any CPU
		{7A36F3B8-73DD-4EA6-9F2D-E71E7E07F471}.Ad-Hoc|Mixed Platforms.ActiveCfg = Release|x86
		{7A36F3B8-73DD-4EA6-9F2D-E71E7E07F471}.Ad-Hoc|Mixed Platforms.Build.0 = Release|x86
		{7A36F3B8-73DD-4EA6-9F2D-E71E7E07F471}.Ad-Hoc|Mixed Platforms.Deploy.0 = Release|x86
		{7A36F3B8-73DD-4EA6-9F2D-E71E7E07F471}.Ad-Hoc|x64.ActiveCfg = Release|x64
		{7A36F3B8-73DD-4EA6-9F2D-E71E7E07F471}.Ad-Hoc|x64.Build.0 = Release|x64
		{7A36F3B8-73DD-4EA6-9F2D-E71E7E07F471}.Ad-Hoc|x64.Deploy.0 = Release|x64
		{7A36F3B8-73DD-4EA6-9F2D-E71E7E07F471}.Ad-Hoc|x86.ActiveCfg = Release|x86
		{7A36F3B8-73DD-4EA6-9F2D-E71E7E07F471}.Ad-Hoc|x86.Build.0 = Release|x86
		{7A36F3B8-73DD-4EA6-9F2D-E71E7E07F471}.Ad-Hoc|x86.Deploy.0 = Release|x86
		{7A36F3B8-73DD-4EA6-9F2D-E71E7E07F471}.AppStore|Any CPU.ActiveCfg = Release|Any CPU
		{7A36F3B8-73DD-4EA6-9F2D-E71E7E07F471}.AppStore|Any CPU.Build.0 = Release|Any CPU
		{7A36F3B8-73DD-4EA6-9F2D-E71E7E07F471}.AppStore|Any CPU.Deploy.0 = Release|Any CPU
		{7A36F3B8-73DD-4EA6-9F2D-E71E7E07F471}.AppStore|ARM.ActiveCfg = Release|ARM
		{7A36F3B8-73DD-4EA6-9F2D-E71E7E07F471}.AppStore|ARM.Build.0 = Release|ARM
		{7A36F3B8-73DD-4EA6-9F2D-E71E7E07F471}.AppStore|ARM.Deploy.0 = Release|ARM
		{7A36F3B8-73DD-4EA6-9F2D-E71E7E07F471}.AppStore|iPhone.ActiveCfg = Release|Any CPU
		{7A36F3B8-73DD-4EA6-9F2D-E71E7E07F471}.AppStore|iPhoneSimulator.ActiveCfg = Release|Any CPU
		{7A36F3B8-73DD-4EA6-9F2D-E71E7E07F471}.AppStore|Mixed Platforms.ActiveCfg = Release|x86
		{7A36F3B8-73DD-4EA6-9F2D-E71E7E07F471}.AppStore|Mixed Platforms.Build.0 = Release|x86
		{7A36F3B8-73DD-4EA6-9F2D-E71E7E07F471}.AppStore|Mixed Platforms.Deploy.0 = Release|x86
		{7A36F3B8-73DD-4EA6-9F2D-E71E7E07F471}.AppStore|x64.ActiveCfg = Release|x64
		{7A36F3B8-73DD-4EA6-9F2D-E71E7E07F471}.AppStore|x64.Build.0 = Release|x64
		{7A36F3B8-73DD-4EA6-9F2D-E71E7E07F471}.AppStore|x64.Deploy.0 = Release|x64
		{7A36F3B8-73DD-4EA6-9F2D-E71E7E07F471}.AppStore|x86.ActiveCfg = Release|x86
		{7A36F3B8-73DD-4EA6-9F2D-E71E7E07F471}.AppStore|x86.Build.0 = Release|x86
		{7A36F3B8-73DD-4EA6-9F2D-E71E7E07F471}.AppStore|x86.Deploy.0 = Release|x86
		{7A36F3B8-73DD-4EA6-9F2D-E71E7E07F471}.Debug|Any CPU.ActiveCfg = Debug|Any CPU
		{7A36F3B8-73DD-4EA6-9F2D-E71E7E07F471}.Debug|Any CPU.Build.0 = Debug|Any CPU
		{7A36F3B8-73DD-4EA6-9F2D-E71E7E07F471}.Debug|Any CPU.Deploy.0 = Debug|Any CPU
		{7A36F3B8-73DD-4EA6-9F2D-E71E7E07F471}.Debug|ARM.ActiveCfg = Debug|ARM
		{7A36F3B8-73DD-4EA6-9F2D-E71E7E07F471}.Debug|ARM.Build.0 = Debug|ARM
		{7A36F3B8-73DD-4EA6-9F2D-E71E7E07F471}.Debug|ARM.Deploy.0 = Debug|ARM
		{7A36F3B8-73DD-4EA6-9F2D-E71E7E07F471}.Debug|iPhone.ActiveCfg = Debug|Any CPU
		{7A36F3B8-73DD-4EA6-9F2D-E71E7E07F471}.Debug|iPhoneSimulator.ActiveCfg = Debug|Any CPU
		{7A36F3B8-73DD-4EA6-9F2D-E71E7E07F471}.Debug|Mixed Platforms.ActiveCfg = Debug|x86
		{7A36F3B8-73DD-4EA6-9F2D-E71E7E07F471}.Debug|x64.ActiveCfg = Debug|x64
		{7A36F3B8-73DD-4EA6-9F2D-E71E7E07F471}.Debug|x64.Build.0 = Debug|x64
		{7A36F3B8-73DD-4EA6-9F2D-E71E7E07F471}.Debug|x64.Deploy.0 = Debug|x64
		{7A36F3B8-73DD-4EA6-9F2D-E71E7E07F471}.Debug|x86.ActiveCfg = Debug|x86
		{7A36F3B8-73DD-4EA6-9F2D-E71E7E07F471}.Release|Any CPU.ActiveCfg = Release|Any CPU
		{7A36F3B8-73DD-4EA6-9F2D-E71E7E07F471}.Release|Any CPU.Build.0 = Release|Any CPU
		{7A36F3B8-73DD-4EA6-9F2D-E71E7E07F471}.Release|Any CPU.Deploy.0 = Release|Any CPU
		{7A36F3B8-73DD-4EA6-9F2D-E71E7E07F471}.Release|ARM.ActiveCfg = Release|ARM
		{7A36F3B8-73DD-4EA6-9F2D-E71E7E07F471}.Release|ARM.Build.0 = Release|ARM
		{7A36F3B8-73DD-4EA6-9F2D-E71E7E07F471}.Release|ARM.Deploy.0 = Release|ARM
		{7A36F3B8-73DD-4EA6-9F2D-E71E7E07F471}.Release|iPhone.ActiveCfg = Release|Any CPU
		{7A36F3B8-73DD-4EA6-9F2D-E71E7E07F471}.Release|iPhoneSimulator.ActiveCfg = Release|Any CPU
		{7A36F3B8-73DD-4EA6-9F2D-E71E7E07F471}.Release|Mixed Platforms.ActiveCfg = Release|x86
		{7A36F3B8-73DD-4EA6-9F2D-E71E7E07F471}.Release|Mixed Platforms.Build.0 = Release|x86
		{7A36F3B8-73DD-4EA6-9F2D-E71E7E07F471}.Release|Mixed Platforms.Deploy.0 = Release|x86
		{7A36F3B8-73DD-4EA6-9F2D-E71E7E07F471}.Release|x64.ActiveCfg = Release|x64
		{7A36F3B8-73DD-4EA6-9F2D-E71E7E07F471}.Release|x64.Build.0 = Release|x64
		{7A36F3B8-73DD-4EA6-9F2D-E71E7E07F471}.Release|x64.Deploy.0 = Release|x64
		{7A36F3B8-73DD-4EA6-9F2D-E71E7E07F471}.Release|x86.ActiveCfg = Release|x86
		{7A36F3B8-73DD-4EA6-9F2D-E71E7E07F471}.Release|x86.Build.0 = Release|x86
		{7A36F3B8-73DD-4EA6-9F2D-E71E7E07F471}.Release|x86.Deploy.0 = Release|x86
		{733C6FD5-D955-4B8E-B51A-A7731E049D91}.Ad-Hoc|Any CPU.ActiveCfg = Release|Any CPU
		{733C6FD5-D955-4B8E-B51A-A7731E049D91}.Ad-Hoc|Any CPU.Build.0 = Release|Any CPU
		{733C6FD5-D955-4B8E-B51A-A7731E049D91}.Ad-Hoc|ARM.ActiveCfg = Release|Any CPU
		{733C6FD5-D955-4B8E-B51A-A7731E049D91}.Ad-Hoc|iPhone.ActiveCfg = Release|Any CPU
		{733C6FD5-D955-4B8E-B51A-A7731E049D91}.Ad-Hoc|iPhoneSimulator.ActiveCfg = Release|Any CPU
		{733C6FD5-D955-4B8E-B51A-A7731E049D91}.Ad-Hoc|Mixed Platforms.ActiveCfg = Release|Any CPU
		{733C6FD5-D955-4B8E-B51A-A7731E049D91}.Ad-Hoc|Mixed Platforms.Build.0 = Release|Any CPU
		{733C6FD5-D955-4B8E-B51A-A7731E049D91}.Ad-Hoc|x64.ActiveCfg = Release|Any CPU
		{733C6FD5-D955-4B8E-B51A-A7731E049D91}.Ad-Hoc|x86.ActiveCfg = Release|Any CPU
		{733C6FD5-D955-4B8E-B51A-A7731E049D91}.AppStore|Any CPU.ActiveCfg = Release|Any CPU
		{733C6FD5-D955-4B8E-B51A-A7731E049D91}.AppStore|Any CPU.Build.0 = Release|Any CPU
		{733C6FD5-D955-4B8E-B51A-A7731E049D91}.AppStore|ARM.ActiveCfg = Release|Any CPU
		{733C6FD5-D955-4B8E-B51A-A7731E049D91}.AppStore|iPhone.ActiveCfg = Release|Any CPU
		{733C6FD5-D955-4B8E-B51A-A7731E049D91}.AppStore|iPhoneSimulator.ActiveCfg = Release|Any CPU
		{733C6FD5-D955-4B8E-B51A-A7731E049D91}.AppStore|Mixed Platforms.ActiveCfg = Release|Any CPU
		{733C6FD5-D955-4B8E-B51A-A7731E049D91}.AppStore|Mixed Platforms.Build.0 = Release|Any CPU
		{733C6FD5-D955-4B8E-B51A-A7731E049D91}.AppStore|x64.ActiveCfg = Release|Any CPU
		{733C6FD5-D955-4B8E-B51A-A7731E049D91}.AppStore|x86.ActiveCfg = Release|Any CPU
		{733C6FD5-D955-4B8E-B51A-A7731E049D91}.Debug|Any CPU.ActiveCfg = Debug|Any CPU
		{733C6FD5-D955-4B8E-B51A-A7731E049D91}.Debug|Any CPU.Build.0 = Debug|Any CPU
		{733C6FD5-D955-4B8E-B51A-A7731E049D91}.Debug|ARM.ActiveCfg = Debug|Any CPU
		{733C6FD5-D955-4B8E-B51A-A7731E049D91}.Debug|iPhone.ActiveCfg = Debug|Any CPU
		{733C6FD5-D955-4B8E-B51A-A7731E049D91}.Debug|iPhoneSimulator.ActiveCfg = Debug|Any CPU
		{733C6FD5-D955-4B8E-B51A-A7731E049D91}.Debug|Mixed Platforms.ActiveCfg = Debug|Any CPU
		{733C6FD5-D955-4B8E-B51A-A7731E049D91}.Debug|x64.ActiveCfg = Debug|Any CPU
		{733C6FD5-D955-4B8E-B51A-A7731E049D91}.Debug|x86.ActiveCfg = Debug|Any CPU
		{733C6FD5-D955-4B8E-B51A-A7731E049D91}.Release|Any CPU.ActiveCfg = Release|Any CPU
		{733C6FD5-D955-4B8E-B51A-A7731E049D91}.Release|Any CPU.Build.0 = Release|Any CPU
		{733C6FD5-D955-4B8E-B51A-A7731E049D91}.Release|ARM.ActiveCfg = Release|Any CPU
		{733C6FD5-D955-4B8E-B51A-A7731E049D91}.Release|iPhone.ActiveCfg = Release|Any CPU
		{733C6FD5-D955-4B8E-B51A-A7731E049D91}.Release|iPhoneSimulator.ActiveCfg = Release|Any CPU
		{733C6FD5-D955-4B8E-B51A-A7731E049D91}.Release|Mixed Platforms.ActiveCfg = Release|Any CPU
		{733C6FD5-D955-4B8E-B51A-A7731E049D91}.Release|Mixed Platforms.Build.0 = Release|Any CPU
		{733C6FD5-D955-4B8E-B51A-A7731E049D91}.Release|x64.ActiveCfg = Release|Any CPU
		{733C6FD5-D955-4B8E-B51A-A7731E049D91}.Release|x86.ActiveCfg = Release|Any CPU
		{F584813A-E52A-41B7-89D9-12CCCB76DD55}.Ad-Hoc|Any CPU.ActiveCfg = Ad-Hoc|iPhone
		{F584813A-E52A-41B7-89D9-12CCCB76DD55}.Ad-Hoc|ARM.ActiveCfg = Ad-Hoc|iPhone
		{F584813A-E52A-41B7-89D9-12CCCB76DD55}.Ad-Hoc|iPhone.ActiveCfg = Ad-Hoc|iPhone
		{F584813A-E52A-41B7-89D9-12CCCB76DD55}.Ad-Hoc|iPhone.Build.0 = Ad-Hoc|iPhone
		{F584813A-E52A-41B7-89D9-12CCCB76DD55}.Ad-Hoc|iPhoneSimulator.ActiveCfg = Ad-Hoc|iPhoneSimulator
		{F584813A-E52A-41B7-89D9-12CCCB76DD55}.Ad-Hoc|iPhoneSimulator.Build.0 = Ad-Hoc|iPhoneSimulator
		{F584813A-E52A-41B7-89D9-12CCCB76DD55}.Ad-Hoc|Mixed Platforms.ActiveCfg = Ad-Hoc|iPhone
		{F584813A-E52A-41B7-89D9-12CCCB76DD55}.Ad-Hoc|Mixed Platforms.Build.0 = Ad-Hoc|iPhone
		{F584813A-E52A-41B7-89D9-12CCCB76DD55}.Ad-Hoc|x64.ActiveCfg = Ad-Hoc|iPhone
		{F584813A-E52A-41B7-89D9-12CCCB76DD55}.Ad-Hoc|x86.ActiveCfg = Ad-Hoc|iPhone
		{F584813A-E52A-41B7-89D9-12CCCB76DD55}.AppStore|Any CPU.ActiveCfg = AppStore|iPhone
		{F584813A-E52A-41B7-89D9-12CCCB76DD55}.AppStore|ARM.ActiveCfg = AppStore|iPhone
		{F584813A-E52A-41B7-89D9-12CCCB76DD55}.AppStore|iPhone.ActiveCfg = AppStore|iPhone
		{F584813A-E52A-41B7-89D9-12CCCB76DD55}.AppStore|iPhone.Build.0 = AppStore|iPhone
		{F584813A-E52A-41B7-89D9-12CCCB76DD55}.AppStore|iPhoneSimulator.ActiveCfg = AppStore|iPhoneSimulator
		{F584813A-E52A-41B7-89D9-12CCCB76DD55}.AppStore|iPhoneSimulator.Build.0 = AppStore|iPhoneSimulator
		{F584813A-E52A-41B7-89D9-12CCCB76DD55}.AppStore|Mixed Platforms.ActiveCfg = AppStore|iPhone
		{F584813A-E52A-41B7-89D9-12CCCB76DD55}.AppStore|Mixed Platforms.Build.0 = AppStore|iPhone
		{F584813A-E52A-41B7-89D9-12CCCB76DD55}.AppStore|x64.ActiveCfg = AppStore|iPhone
		{F584813A-E52A-41B7-89D9-12CCCB76DD55}.AppStore|x86.ActiveCfg = AppStore|iPhone
		{F584813A-E52A-41B7-89D9-12CCCB76DD55}.Debug|Any CPU.ActiveCfg = Debug|iPhone
		{F584813A-E52A-41B7-89D9-12CCCB76DD55}.Debug|Any CPU.Build.0 = Debug|iPhone
		{F584813A-E52A-41B7-89D9-12CCCB76DD55}.Debug|ARM.ActiveCfg = Debug|iPhone
		{F584813A-E52A-41B7-89D9-12CCCB76DD55}.Debug|iPhone.ActiveCfg = Debug|iPhone
		{F584813A-E52A-41B7-89D9-12CCCB76DD55}.Debug|iPhone.Build.0 = Debug|iPhone
		{F584813A-E52A-41B7-89D9-12CCCB76DD55}.Debug|iPhoneSimulator.ActiveCfg = Debug|iPhoneSimulator
		{F584813A-E52A-41B7-89D9-12CCCB76DD55}.Debug|iPhoneSimulator.Build.0 = Debug|iPhoneSimulator
		{F584813A-E52A-41B7-89D9-12CCCB76DD55}.Debug|Mixed Platforms.ActiveCfg = Debug|iPhone
		{F584813A-E52A-41B7-89D9-12CCCB76DD55}.Debug|x64.ActiveCfg = Debug|iPhone
		{F584813A-E52A-41B7-89D9-12CCCB76DD55}.Debug|x86.ActiveCfg = Debug|iPhone
		{F584813A-E52A-41B7-89D9-12CCCB76DD55}.Release|Any CPU.ActiveCfg = Release|iPhone
		{F584813A-E52A-41B7-89D9-12CCCB76DD55}.Release|ARM.ActiveCfg = Release|iPhone
		{F584813A-E52A-41B7-89D9-12CCCB76DD55}.Release|iPhone.ActiveCfg = Release|iPhone
		{F584813A-E52A-41B7-89D9-12CCCB76DD55}.Release|iPhone.Build.0 = Release|iPhone
		{F584813A-E52A-41B7-89D9-12CCCB76DD55}.Release|iPhoneSimulator.ActiveCfg = Release|iPhoneSimulator
		{F584813A-E52A-41B7-89D9-12CCCB76DD55}.Release|iPhoneSimulator.Build.0 = Release|iPhoneSimulator
		{F584813A-E52A-41B7-89D9-12CCCB76DD55}.Release|Mixed Platforms.ActiveCfg = Release|iPhone
		{F584813A-E52A-41B7-89D9-12CCCB76DD55}.Release|Mixed Platforms.Build.0 = Release|iPhone
		{F584813A-E52A-41B7-89D9-12CCCB76DD55}.Release|x64.ActiveCfg = Release|iPhone
		{F584813A-E52A-41B7-89D9-12CCCB76DD55}.Release|x86.ActiveCfg = Release|iPhone
		{A8C65633-8ED3-45D3-8943-7DC740E1571F}.Ad-Hoc|Any CPU.ActiveCfg = Release|Any CPU
		{A8C65633-8ED3-45D3-8943-7DC740E1571F}.Ad-Hoc|Any CPU.Build.0 = Release|Any CPU
		{A8C65633-8ED3-45D3-8943-7DC740E1571F}.Ad-Hoc|Any CPU.Deploy.0 = Release|Any CPU
		{A8C65633-8ED3-45D3-8943-7DC740E1571F}.Ad-Hoc|ARM.ActiveCfg = Release|Any CPU
		{A8C65633-8ED3-45D3-8943-7DC740E1571F}.Ad-Hoc|iPhone.ActiveCfg = Release|Any CPU
		{A8C65633-8ED3-45D3-8943-7DC740E1571F}.Ad-Hoc|iPhoneSimulator.ActiveCfg = Release|Any CPU
		{A8C65633-8ED3-45D3-8943-7DC740E1571F}.Ad-Hoc|Mixed Platforms.ActiveCfg = Release|Any CPU
		{A8C65633-8ED3-45D3-8943-7DC740E1571F}.Ad-Hoc|Mixed Platforms.Build.0 = Release|Any CPU
		{A8C65633-8ED3-45D3-8943-7DC740E1571F}.Ad-Hoc|Mixed Platforms.Deploy.0 = Release|Any CPU
		{A8C65633-8ED3-45D3-8943-7DC740E1571F}.Ad-Hoc|x64.ActiveCfg = Release|Any CPU
		{A8C65633-8ED3-45D3-8943-7DC740E1571F}.Ad-Hoc|x86.ActiveCfg = Release|Any CPU
		{A8C65633-8ED3-45D3-8943-7DC740E1571F}.AppStore|Any CPU.ActiveCfg = Release|Any CPU
		{A8C65633-8ED3-45D3-8943-7DC740E1571F}.AppStore|Any CPU.Build.0 = Release|Any CPU
		{A8C65633-8ED3-45D3-8943-7DC740E1571F}.AppStore|Any CPU.Deploy.0 = Release|Any CPU
		{A8C65633-8ED3-45D3-8943-7DC740E1571F}.AppStore|ARM.ActiveCfg = Release|Any CPU
		{A8C65633-8ED3-45D3-8943-7DC740E1571F}.AppStore|iPhone.ActiveCfg = Release|Any CPU
		{A8C65633-8ED3-45D3-8943-7DC740E1571F}.AppStore|iPhoneSimulator.ActiveCfg = Release|Any CPU
		{A8C65633-8ED3-45D3-8943-7DC740E1571F}.AppStore|Mixed Platforms.ActiveCfg = Release|Any CPU
		{A8C65633-8ED3-45D3-8943-7DC740E1571F}.AppStore|Mixed Platforms.Build.0 = Release|Any CPU
		{A8C65633-8ED3-45D3-8943-7DC740E1571F}.AppStore|Mixed Platforms.Deploy.0 = Release|Any CPU
		{A8C65633-8ED3-45D3-8943-7DC740E1571F}.AppStore|x64.ActiveCfg = Release|Any CPU
		{A8C65633-8ED3-45D3-8943-7DC740E1571F}.AppStore|x86.ActiveCfg = Release|Any CPU
		{A8C65633-8ED3-45D3-8943-7DC740E1571F}.Debug|Any CPU.ActiveCfg = Debug|Any CPU
		{A8C65633-8ED3-45D3-8943-7DC740E1571F}.Debug|Any CPU.Build.0 = Debug|Any CPU
		{A8C65633-8ED3-45D3-8943-7DC740E1571F}.Debug|Any CPU.Deploy.0 = Debug|Any CPU
		{A8C65633-8ED3-45D3-8943-7DC740E1571F}.Debug|ARM.ActiveCfg = Debug|Any CPU
		{A8C65633-8ED3-45D3-8943-7DC740E1571F}.Debug|iPhone.ActiveCfg = Debug|Any CPU
		{A8C65633-8ED3-45D3-8943-7DC740E1571F}.Debug|iPhoneSimulator.ActiveCfg = Debug|Any CPU
		{A8C65633-8ED3-45D3-8943-7DC740E1571F}.Debug|Mixed Platforms.ActiveCfg = Debug|Any CPU
		{A8C65633-8ED3-45D3-8943-7DC740E1571F}.Debug|x64.ActiveCfg = Debug|Any CPU
		{A8C65633-8ED3-45D3-8943-7DC740E1571F}.Debug|x86.ActiveCfg = Debug|Any CPU
		{A8C65633-8ED3-45D3-8943-7DC740E1571F}.Release|Any CPU.ActiveCfg = Release|Any CPU
		{A8C65633-8ED3-45D3-8943-7DC740E1571F}.Release|Any CPU.Build.0 = Release|Any CPU
		{A8C65633-8ED3-45D3-8943-7DC740E1571F}.Release|Any CPU.Deploy.0 = Release|Any CPU
		{A8C65633-8ED3-45D3-8943-7DC740E1571F}.Release|ARM.ActiveCfg = Release|Any CPU
		{A8C65633-8ED3-45D3-8943-7DC740E1571F}.Release|iPhone.ActiveCfg = Release|Any CPU
		{A8C65633-8ED3-45D3-8943-7DC740E1571F}.Release|iPhoneSimulator.ActiveCfg = Release|Any CPU
		{A8C65633-8ED3-45D3-8943-7DC740E1571F}.Release|Mixed Platforms.ActiveCfg = Release|Any CPU
		{A8C65633-8ED3-45D3-8943-7DC740E1571F}.Release|Mixed Platforms.Build.0 = Release|Any CPU
		{A8C65633-8ED3-45D3-8943-7DC740E1571F}.Release|Mixed Platforms.Deploy.0 = Release|Any CPU
		{A8C65633-8ED3-45D3-8943-7DC740E1571F}.Release|x64.ActiveCfg = Release|Any CPU
		{A8C65633-8ED3-45D3-8943-7DC740E1571F}.Release|x86.ActiveCfg = Release|Any CPU
		{CB7E2385-88BD-4C53-BE89-26DACF15EDF3}.Ad-Hoc|Any CPU.ActiveCfg = Release|Any CPU
		{CB7E2385-88BD-4C53-BE89-26DACF15EDF3}.Ad-Hoc|Any CPU.Build.0 = Release|Any CPU
		{CB7E2385-88BD-4C53-BE89-26DACF15EDF3}.Ad-Hoc|Any CPU.Deploy.0 = Release|Any CPU
		{CB7E2385-88BD-4C53-BE89-26DACF15EDF3}.Ad-Hoc|ARM.ActiveCfg = Release|ARM
		{CB7E2385-88BD-4C53-BE89-26DACF15EDF3}.Ad-Hoc|ARM.Build.0 = Release|ARM
		{CB7E2385-88BD-4C53-BE89-26DACF15EDF3}.Ad-Hoc|ARM.Deploy.0 = Release|ARM
		{CB7E2385-88BD-4C53-BE89-26DACF15EDF3}.Ad-Hoc|iPhone.ActiveCfg = Release|Any CPU
		{CB7E2385-88BD-4C53-BE89-26DACF15EDF3}.Ad-Hoc|iPhoneSimulator.ActiveCfg = Release|Any CPU
		{CB7E2385-88BD-4C53-BE89-26DACF15EDF3}.Ad-Hoc|Mixed Platforms.ActiveCfg = Release|x86
		{CB7E2385-88BD-4C53-BE89-26DACF15EDF3}.Ad-Hoc|Mixed Platforms.Build.0 = Release|x86
		{CB7E2385-88BD-4C53-BE89-26DACF15EDF3}.Ad-Hoc|Mixed Platforms.Deploy.0 = Release|x86
		{CB7E2385-88BD-4C53-BE89-26DACF15EDF3}.Ad-Hoc|x64.ActiveCfg = Release|Any CPU
		{CB7E2385-88BD-4C53-BE89-26DACF15EDF3}.Ad-Hoc|x86.ActiveCfg = Release|x86
		{CB7E2385-88BD-4C53-BE89-26DACF15EDF3}.Ad-Hoc|x86.Build.0 = Release|x86
		{CB7E2385-88BD-4C53-BE89-26DACF15EDF3}.Ad-Hoc|x86.Deploy.0 = Release|x86
		{CB7E2385-88BD-4C53-BE89-26DACF15EDF3}.AppStore|Any CPU.ActiveCfg = Release|Any CPU
		{CB7E2385-88BD-4C53-BE89-26DACF15EDF3}.AppStore|Any CPU.Build.0 = Release|Any CPU
		{CB7E2385-88BD-4C53-BE89-26DACF15EDF3}.AppStore|Any CPU.Deploy.0 = Release|Any CPU
		{CB7E2385-88BD-4C53-BE89-26DACF15EDF3}.AppStore|ARM.ActiveCfg = Release|ARM
		{CB7E2385-88BD-4C53-BE89-26DACF15EDF3}.AppStore|ARM.Build.0 = Release|ARM
		{CB7E2385-88BD-4C53-BE89-26DACF15EDF3}.AppStore|ARM.Deploy.0 = Release|ARM
		{CB7E2385-88BD-4C53-BE89-26DACF15EDF3}.AppStore|iPhone.ActiveCfg = Release|Any CPU
		{CB7E2385-88BD-4C53-BE89-26DACF15EDF3}.AppStore|iPhoneSimulator.ActiveCfg = Release|Any CPU
		{CB7E2385-88BD-4C53-BE89-26DACF15EDF3}.AppStore|Mixed Platforms.ActiveCfg = Release|x86
		{CB7E2385-88BD-4C53-BE89-26DACF15EDF3}.AppStore|Mixed Platforms.Build.0 = Release|x86
		{CB7E2385-88BD-4C53-BE89-26DACF15EDF3}.AppStore|Mixed Platforms.Deploy.0 = Release|x86
		{CB7E2385-88BD-4C53-BE89-26DACF15EDF3}.AppStore|x64.ActiveCfg = Release|Any CPU
		{CB7E2385-88BD-4C53-BE89-26DACF15EDF3}.AppStore|x86.ActiveCfg = Release|x86
		{CB7E2385-88BD-4C53-BE89-26DACF15EDF3}.AppStore|x86.Build.0 = Release|x86
		{CB7E2385-88BD-4C53-BE89-26DACF15EDF3}.AppStore|x86.Deploy.0 = Release|x86
		{CB7E2385-88BD-4C53-BE89-26DACF15EDF3}.Debug|Any CPU.ActiveCfg = Debug|Any CPU
		{CB7E2385-88BD-4C53-BE89-26DACF15EDF3}.Debug|Any CPU.Build.0 = Debug|Any CPU
		{CB7E2385-88BD-4C53-BE89-26DACF15EDF3}.Debug|Any CPU.Deploy.0 = Debug|Any CPU
		{CB7E2385-88BD-4C53-BE89-26DACF15EDF3}.Debug|ARM.ActiveCfg = Debug|ARM
		{CB7E2385-88BD-4C53-BE89-26DACF15EDF3}.Debug|ARM.Build.0 = Debug|ARM
		{CB7E2385-88BD-4C53-BE89-26DACF15EDF3}.Debug|ARM.Deploy.0 = Debug|ARM
		{CB7E2385-88BD-4C53-BE89-26DACF15EDF3}.Debug|iPhone.ActiveCfg = Debug|Any CPU
		{CB7E2385-88BD-4C53-BE89-26DACF15EDF3}.Debug|iPhoneSimulator.ActiveCfg = Debug|Any CPU
		{CB7E2385-88BD-4C53-BE89-26DACF15EDF3}.Debug|Mixed Platforms.ActiveCfg = Debug|x86
		{CB7E2385-88BD-4C53-BE89-26DACF15EDF3}.Debug|x64.ActiveCfg = Debug|Any CPU
		{CB7E2385-88BD-4C53-BE89-26DACF15EDF3}.Debug|x86.ActiveCfg = Debug|x86
		{CB7E2385-88BD-4C53-BE89-26DACF15EDF3}.Release|Any CPU.ActiveCfg = Release|Any CPU
		{CB7E2385-88BD-4C53-BE89-26DACF15EDF3}.Release|Any CPU.Build.0 = Release|Any CPU
		{CB7E2385-88BD-4C53-BE89-26DACF15EDF3}.Release|Any CPU.Deploy.0 = Release|Any CPU
		{CB7E2385-88BD-4C53-BE89-26DACF15EDF3}.Release|ARM.ActiveCfg = Release|ARM
		{CB7E2385-88BD-4C53-BE89-26DACF15EDF3}.Release|ARM.Build.0 = Release|ARM
		{CB7E2385-88BD-4C53-BE89-26DACF15EDF3}.Release|ARM.Deploy.0 = Release|ARM
		{CB7E2385-88BD-4C53-BE89-26DACF15EDF3}.Release|iPhone.ActiveCfg = Release|Any CPU
		{CB7E2385-88BD-4C53-BE89-26DACF15EDF3}.Release|iPhoneSimulator.ActiveCfg = Release|Any CPU
		{CB7E2385-88BD-4C53-BE89-26DACF15EDF3}.Release|Mixed Platforms.ActiveCfg = Release|x86
		{CB7E2385-88BD-4C53-BE89-26DACF15EDF3}.Release|Mixed Platforms.Build.0 = Release|x86
		{CB7E2385-88BD-4C53-BE89-26DACF15EDF3}.Release|Mixed Platforms.Deploy.0 = Release|x86
		{CB7E2385-88BD-4C53-BE89-26DACF15EDF3}.Release|x64.ActiveCfg = Release|Any CPU
		{CB7E2385-88BD-4C53-BE89-26DACF15EDF3}.Release|x86.ActiveCfg = Release|x86
		{CB7E2385-88BD-4C53-BE89-26DACF15EDF3}.Release|x86.Build.0 = Release|x86
		{CB7E2385-88BD-4C53-BE89-26DACF15EDF3}.Release|x86.Deploy.0 = Release|x86
	EndGlobalSection
	GlobalSection(SolutionProperties) = preSolution
		HideSolutionNode = FALSE
	EndGlobalSection
EndGlobal
